{
    "_readme": [
        "This file locks the dependencies of your project to a known state",
        "Read more about it at https://getcomposer.org/doc/01-basic-usage.md#installing-dependencies",
        "This file is @generated automatically"
    ],
    "content-hash": "dabb22f8404e3b3d6bbd7e01b36760a3",
    "packages": [
        {
            "name": "lincanbin/php-pdo-mysql-class",
            "version": "v2.2",
            "source": {
                "type": "git",
                "url": "https://github.com/lincanbin/PHP-PDO-MySQL-Class.git",
                "reference": "7517d30ffc514a3c54217717b97721ab394fa87a"
            },
            "dist": {
                "type": "zip",
                "url": "https://api.github.com/repos/lincanbin/PHP-PDO-MySQL-Class/zipball/7517d30ffc514a3c54217717b97721ab394fa87a",
                "reference": "7517d30ffc514a3c54217717b97721ab394fa87a",
                "shasum": ""
            },
            "require": {
                "ext-pdo": "*",
                "ext-pdo_mysql": "*",
                "php": ">=5.3.6"
            },
            "type": "library",
            "autoload": {
                "files": [
                    "src/PDO.class.php"
                ]
            },
            "notification-url": "https://packagist.org/downloads/",
            "license": [
                "Apache-2.0"
            ],
            "authors": [
                {
                    "name": "lincanbin",
                    "email": "lincanbin@hotmail.com"
                }
            ],
            "description": "A PHP MySQL PDO class similar to the Python MySQLdb, which supports iterator and parameter binding when using 'WHERE IN' statement.",
            "keywords": [
                "database",
                "iterator",
                "mysql",
                "pdo"
            ],
            "time": "2020-11-27T02:02:36+00:00"
        }
    ],
    "packages-dev": [],
    "aliases": [],
    "minimum-stability": "stable",
    "stability-flags": [],
    "prefer-stable": false,
    "prefer-lowest": false,
    "platform": [],
    "platform-dev": [],
    "plugin-api-version": "1.1.0"
}
